
Microsoft Visual Studio Solution File, Format Version 10.00
# Visual Studio 2008
Project("{FAE04EC0-301F-11D3-BF4B-00C04F79EFBC}") = "Breakout", "Breakout\Breakout.csproj", "{29390ADF-2D02-4E0C-82FB-7FF0A17B12C7}"
EndProject
Global
	GlobalSection(SolutionConfigurationPlatforms) = preSolution
		Debug|x86 = Debug|x86
		Release|x86 = Release|x86
	EndGlobalSection
	GlobalSection(ProjectConfigurationPlatforms) = postSolution
		{29390ADF-2D02-4E0C-82FB-7FF0A17B12C7}.Debug|x86.ActiveCfg = Debug|x86
		{29390ADF-2D02-4E0C-82FB-7FF0A17B12C7}.Debug|x86.Build.0 = Debug|x86
		{29390ADF-2D02-4E0C-82FB-7FF0A17B12C7}.Release|x86.ActiveCfg = Release|x86
		{29390ADF-2D02-4E0C-82FB-7FF0A17B12C7}.Release|x86.Build.0 = Release|x86
		{30E46B59-034A-46AB-9D56-93684BD1F714}.Debug|x86.ActiveCfg = Debug|x86
		{30E46B59-034A-46AB-9D56-93684BD1F714}.Release|x86.ActiveCfg = Release|x86
	EndGlobalSection
	GlobalSection(SolutionProperties) = preSolution
		HideSolutionNode = FALSE
	EndGlobalSection
EndGlobal
